dependencies:
  espressif/ble_hci:
    component_hash: 4b23a9e07bd8a7a62fc1b8d9fb9a64da9ba22dba9f3a6ffcea9192f6ce27fbdb
    dependencies:
    - name: espressif/cmake_utilities
      registry_url: https://components.espressif.com
      require: private
      version: 0.*
    - name: idf
      require: private
      version: '>=5.0'
    source:
      registry_url: https://components.espressif.com/
      type: service
    version: 1.0.0
  espressif/cmake_utilities:
    component_hash: 351350613ceafba240b761b4ea991e0f231ac7a9f59a9ee901f751bddc0bb18f
    dependencies:
    - name: idf
      require: private
      version: '>=4.1'
    source:
      registry_url: https://components.espressif.com
      type: service
    version: 0.5.3
  idf:
    source:
      type: idf
    version: 5.5.3
direct_dependencies:
- espressif/ble_hci
manifest_hash: bb8e6c94f27ea40f09abbd72360c3c3421ca39525fdf6a3920c81ade8435d4c2
target: esp32c6
version: 2.0.0
